
Microsoft Visual Studio Solution File, Format Version 12.00
# Visual Studio 15
VisualStudioVersion = 15.0.28307.572
MinimumVisualStudioVersion = 10.0.40219.1
Project("{FAE04EC0-301F-11D3-BF4B-00C04F79EFBC}") = "WebApione", "WebApione\WebApione.csproj", "{03AB467C-15D5-489A-A4E3-7DD815AF8807}"
EndProject
Global
	GlobalSection(SolutionConfigurationPlatforms) = preSolution
		Debug|Any CPU = Debug|Any CPU
		Release|Any CPU = Release|Any CPU
	EndGlobalSection
	GlobalSection(ProjectConfigurationPlatforms) = postSolution
		{03AB467C-15D5-489A-A4E3-7DD815AF8807}.Debug|Any CPU.ActiveCfg = Debug|Any CPU
		{03AB467C-15D5-489A-A4E3-7DD815AF8807}.Debug|Any CPU.Build.0 = Debug|Any CPU
		{03AB467C-15D5-489A-A4E3-7DD815AF8807}.Release|Any CPU.ActiveCfg = Release|Any CPU
		{03AB467C-15D5-489A-A4E3-7DD815AF8807}.Release|Any CPU.Build.0 = Release|Any CPU
	EndGlobalSection
	GlobalSection(SolutionProperties) = preSolution
		HideSolutionNode = FALSE
	EndGlobalSection
	GlobalSection(ExtensibilityGlobals) = postSolution
		SolutionGuid = {F2C01D3B-2065-4C54-9C8E-A557964AEFC4}
	EndGlobalSection
EndGlobal
